
Microsoft Visual Studio Solution File, Format Version 12.00
# Visual Studio Version 16
VisualStudioVersion = 16.0.31624.102
MinimumVisualStudioVersion = 10.0.40219.1
Project("{FAE04EC0-301F-11D3-BF4B-00C04F79EFBC}") = "SwitchExercise", "SwitchExercise\SwitchExercise.csproj", "{CBF1DA87-E074-427A-938E-31B1F28DCF23}"
EndProject
Global
	GlobalSection(SolutionConfigurationPlatforms) = preSolution
		Debug|Any CPU = Debug|Any CPU
		Release|Any CPU = Release|Any CPU
	EndGlobalSection
	GlobalSection(ProjectConfigurationPlatforms) = postSolution
		{CBF1DA87-E074-427A-938E-31B1F28DCF23}.Debug|Any CPU.ActiveCfg = Debug|Any CPU
		{CBF1DA87-E074-427A-938E-31B1F28DCF23}.Debug|Any CPU.Build.0 = Debug|Any CPU
		{CBF1DA87-E074-427A-938E-31B1F28DCF23}.Release|Any CPU.ActiveCfg = Release|Any CPU
		{CBF1DA87-E074-427A-938E-31B1F28DCF23}.Release|Any CPU.Build.0 = Release|Any CPU
	EndGlobalSection
	GlobalSection(SolutionProperties) = preSolution
		HideSolutionNode = FALSE
	EndGlobalSection
	GlobalSection(ExtensibilityGlobals) = postSolution
		SolutionGuid = {22D7C305-EB23-438E-9756-6BA068B7D39F}
	EndGlobalSection
EndGlobal
